
Microsoft Visual Studio Solution File, Format Version 12.00
# Visual Studio Version 17
VisualStudioVersion = 17.0.32112.339
MinimumVisualStudioVersion = 10.0.40219.1
Project("{FAE04EC0-301F-11D3-BF4B-00C04F79EFBC}") = "FusionTest", "FusionTest\FusionTest.csproj", "{6FDD080C-0814-405F-9B67-BF908739AD8B}"
EndProject
Global
	GlobalSection(SolutionConfigurationPlatforms) = preSolution
		Debug|Any CPU = Debug|Any CPU
		Release|Any CPU = Release|Any CPU
	EndGlobalSection
	GlobalSection(ProjectConfigurationPlatforms) = postSolution
		{6FDD080C-0814-405F-9B67-BF908739AD8B}.Debug|Any CPU.ActiveCfg = Debug|Any CPU
		{6FDD080C-0814-405F-9B67-BF908739AD8B}.Debug|Any CPU.Build.0 = Debug|Any CPU
		{6FDD080C-0814-405F-9B67-BF908739AD8B}.Release|Any CPU.ActiveCfg = Release|Any CPU
		{6FDD080C-0814-405F-9B67-BF908739AD8B}.Release|Any CPU.Build.0 = Release|Any CPU
	EndGlobalSection
	GlobalSection(SolutionProperties) = preSolution
		HideSolutionNode = FALSE
	EndGlobalSection
	GlobalSection(ExtensibilityGlobals) = postSolution
		SolutionGuid = {4AE78DDE-A508-4E5C-9B24-173B5AD8BEE0}
	EndGlobalSection
EndGlobal
